{
  "version": 4,
  "terraform_version": "1.3.7",
  "serial": 72,
  "lineage": "db6b1fa9-e359-03ba-9f0f-08c43beb5f32",
  "outputs": {},
  "resources": [
    {
      "mode": "data",
      "type": "azurerm_subscription",
      "name": "primary",
      "provider": "provider[\"registry.terraform.io/hashicorp/azurerm\"]",
      "instances": [
        {
          "schema_version": 0,
          "attributes": {
            "display_name": "MCAPS-Hybrid-REQ-44505-2022-CedricHusianycia",
            "id": "/subscriptions/083763cf-8f75-4112-9ee5-2e09045c8c8f",
            "location_placement_id": "Internal_2014-09-01",
            "quota_id": "Internal_2014-09-01",
            "spending_limit": "Off",
            "state": "Enabled",
            "subscription_id": "083763cf-8f75-4112-9ee5-2e09045c8c8f",
            "tags": {
              "tag1": "MCAPS-Hybrid-REQ-44505-2022-CedricHusianycia",
              "tag2": "Hybrid"
            },
            "tenant_id": "16b3c013-d300-468d-ac64-7eda0820b6d3",
            "timeouts": null
          },
          "sensitive_attributes": []
        }
      ]
    },
    {
      "mode": "managed",
      "type": "azurerm_resource_group",
      "name": "rg",
      "provider": "provider[\"registry.terraform.io/hashicorp/azurerm\"]",
      "instances": [
        {
          "index_key": 0,
          "schema_version": 0,
          "attributes": {
            "id": "/subscriptions/083763cf-8f75-4112-9ee5-2e09045c8c8f/resourceGroups/rgsig",
            "location": "westeurope",
            "name": "rgsig",
            "tags": {
              "CreatedBy": "",
              "CreatedOn": "2023-04-25T13:43:51Z"
            },
            "timeouts": null
          },
          "sensitive_attributes": [],
          "private": "eyJlMmJmYjczMC1lY2FhLTExZTYtOGY4OC0zNDM2M2JjN2M0YzAiOnsiY3JlYXRlIjo1NDAwMDAwMDAwMDAwLCJkZWxldGUiOjU0MDAwMDAwMDAwMDAsInJlYWQiOjMwMDAwMDAwMDAwMCwidXBkYXRlIjo1NDAwMDAwMDAwMDAwfX0="
        }
      ]
    },
    {
      "mode": "managed",
      "type": "azurerm_shared_image_gallery",
      "name": "sig",
      "provider": "provider[\"registry.terraform.io/hashicorp/azurerm\"]",
      "instances": [
        {
          "schema_version": 0,
          "attributes": {
            "description": "Shared images for internal usage",
            "id": "/subscriptions/083763cf-8f75-4112-9ee5-2e09045c8c8f/resourceGroups/rgsig/providers/Microsoft.Compute/galleries/mod_jhibkjxs",
            "location": "westeurope",
            "name": "mod_jhibkjxs",
            "resource_group_name": "rgsig",
            "tags": null,
            "timeouts": null,
            "unique_name": "083763cf-8f75-4112-9ee5-2e09045c8c8f-MOD_JHIBKJXS"
          },
          "sensitive_attributes": [],
          "private": "eyJlMmJmYjczMC1lY2FhLTExZTYtOGY4OC0zNDM2M2JjN2M0YzAiOnsiY3JlYXRlIjoxODAwMDAwMDAwMDAwLCJkZWxldGUiOjE4MDAwMDAwMDAwMDAsInJlYWQiOjMwMDAwMDAwMDAwMCwidXBkYXRlIjoxODAwMDAwMDAwMDAwfX0=",
          "dependencies": [
            "azurerm_resource_group.rg",
            "data.azurerm_resource_group.rg",
            "random_string.resource_postfix"
          ]
        }
      ]
    },
    {
      "mode": "managed",
      "type": "azurerm_subnet",
      "name": "frontend",
      "provider": "provider[\"registry.terraform.io/hashicorp/azurerm\"]",
      "instances": [
        {
          "index_key": 0,
          "schema_version": 0,
          "attributes": {
            "address_prefixes": [
              "10.1.1.0/29"
            ],
            "delegation": [],
            "enforce_private_link_endpoint_network_policies": false,
            "enforce_private_link_service_network_policies": false,
            "id": "/subscriptions/083763cf-8f75-4112-9ee5-2e09045c8c8f/resourceGroups/rgsig/providers/Microsoft.Network/virtualNetworks/tmpvnet/subnets/frontend",
            "name": "frontend",
            "private_endpoint_network_policies_enabled": true,
            "private_link_service_network_policies_enabled": true,
            "resource_group_name": "rgsig",
            "service_endpoint_policy_ids": null,
            "service_endpoints": null,
            "timeouts": null,
            "virtual_network_name": "tmpvnet"
          },
          "sensitive_attributes": [],
          "private": "eyJlMmJmYjczMC1lY2FhLTExZTYtOGY4OC0zNDM2M2JjN2M0YzAiOnsiY3JlYXRlIjoxODAwMDAwMDAwMDAwLCJkZWxldGUiOjE4MDAwMDAwMDAwMDAsInJlYWQiOjMwMDAwMDAwMDAwMCwidXBkYXRlIjoxODAwMDAwMDAwMDAwfX0=",
          "dependencies": [
            "azurerm_resource_group.rg",
            "azurerm_virtual_network.mvnet",
            "data.azurerm_resource_group.rg",
            "data.azurerm_virtual_network.mvnet"
          ]
        }
      ]
    },
    {
      "mode": "managed",
      "type": "azurerm_virtual_network",
      "name": "mvnet",
      "provider": "provider[\"registry.terraform.io/hashicorp/azurerm\"]",
      "instances": [
        {
          "index_key": 0,
          "schema_version": 0,
          "attributes": {
            "address_space": [
              "10.1.1.0/24"
            ],
            "bgp_community": "",
            "ddos_protection_plan": [],
            "dns_servers": [],
            "edge_zone": "",
            "flow_timeout_in_minutes": 0,
            "guid": "322aecd0-f8d5-455c-a418-681f9428bf8c",
            "id": "/subscriptions/083763cf-8f75-4112-9ee5-2e09045c8c8f/resourceGroups/rgsig/providers/Microsoft.Network/virtualNetworks/tmpvnet",
            "location": "westeurope",
            "name": "tmpvnet",
            "resource_group_name": "rgsig",
            "subnet": [],
            "tags": null,
            "timeouts": null
          },
          "sensitive_attributes": [],
          "private": "eyJlMmJmYjczMC1lY2FhLTExZTYtOGY4OC0zNDM2M2JjN2M0YzAiOnsiY3JlYXRlIjoxODAwMDAwMDAwMDAwLCJkZWxldGUiOjE4MDAwMDAwMDAwMDAsInJlYWQiOjMwMDAwMDAwMDAwMCwidXBkYXRlIjoxODAwMDAwMDAwMDAwfX0=",
          "dependencies": [
            "azurerm_resource_group.rg",
            "data.azurerm_resource_group.rg"
          ]
        }
      ]
    },
    {
      "mode": "managed",
      "type": "local_file",
      "name": "packer_pip",
      "provider": "provider[\"registry.terraform.io/hashicorp/local\"]",
      "instances": [
        {
          "schema_version": 0,
          "attributes": {
            "content": "{\r\n  \"var_subscription_id\": \"083763cf-8f75-4112-9ee5-2e09045c8c8f\",\r\n  \"var_resource_group\": \"rgsig\",\r\n  \"var_location\": \"westeurope\",\r\n  \"var_sig_name\": \"mod_jhibkjxs\",\r\n  \"var_public_ip\": \"false\",\r\n  \"var_vnet_name\": \"tmpvnet\", \r\n  \"var_subnet_name\": \"frontend\"\r\n}",
            "content_base64": null,
            "content_base64sha256": "9FesQOu8hm8SDrz3QeylZGNgI7evzSR1r1EHzB/MQBE=",
            "content_base64sha512": "lQA6wnG5Xzm6UL29wb9IEGrRlXEpryrkPpUmnQZ3u4dxkLEKlbsonTSzpL/OUa3/hThXe5YlVpMqnu+XlbS6GA==",
            "content_md5": "3d8ca7062489cec790dd621c0958fa52",
            "content_sha1": "cab27cb81a36d923b5fe2e4c5dd902154c313135",
            "content_sha256": "f457ac40ebbc866f120ebcf741eca564636023b7afcd2475af5107cc1fcc4011",
            "content_sha512": "95003ac271b95f39ba50bdbdc1bf48106ad1957129af2ae43e95269d0677bb877190b10a95bb289d34b3a4bfce51adff8538577b962556932a9eef9795b4ba18",
            "directory_permission": "0777",
            "file_permission": "0777",
            "filename": "/mnt/c/Users/cehusian/OneDrive - Microsoft/Documents/03-TechNotes/Github/imagecreation/packer/options.json",
            "id": "cab27cb81a36d923b5fe2e4c5dd902154c313135",
            "sensitive_content": null,
            "source": null
          },
          "sensitive_attributes": [],
          "dependencies": [
            "azurerm_resource_group.rg",
            "azurerm_shared_image_gallery.sig",
            "data.azurerm_resource_group.rg",
            "data.azurerm_subscription.primary",
            "random_string.resource_postfix"
          ]
        }
      ]
    },
    {
      "mode": "managed",
      "type": "local_file",
      "name": "private_key",
      "provider": "provider[\"registry.terraform.io/hashicorp/local\"]",
      "instances": [
        {
          "schema_version": 0,
          "attributes": {
            "content": "-----BEGIN RSA PRIVATE KEY-----\nMIIEpQIBAAKCAQEAyGPeFEBa5u5qUXnrJIR3xZKec5aOJRuL7edlmll9cGDao9YR\nXdET3wleqs2XzCAOuoWugk2U+prx+oUqj4yHRdBt5YSVj4vWEHK6MJjUOibYXoPC\n79l4cvz1VqhtW50qORvR7FGvTHKQSnjQ334Pui3/8VtSuMIgsToaGwMiGShnlVE+\nt2mILd2ULmrGuJQ6Laz327YXlPCJQCzCx4KyFmak30H8mc/0rxZwsFqo4d4H1llc\nZ8zLmFl30R/cKQCkSg9QK2iKUCGHD9AZTqGHTxj+ScSHooL6PBsH3WpHWfi8aDvb\nGBnSYCuW7KdfCUjjXY8sDyRXrYtd19FbrTr+zQIDAQABAoIBAAu9BeJLzsdeSe4R\n5TtTYyy4pP2CYTs9PNonxuTevyFZGxWj0YqcV7yl8NyyhGTZr+MvN4S8hLCVaP1S\n1aZpBfeJ+RYLyTMKbvSxs8Rq/2uUoPIQZ9fi9lJODRURcq5+K14DCi38rvcccuVZ\n5GpjGQq/7RE3V0YpYP7gt2zDpziv8Y9a5iURqbs/4RLH0gmUEkuwm18T/9MDUSQz\nJP0qN73lOn16GE0TP4UG/CdDEKVtWBMmSvcHPc6G+RFoPm9X0O1Rp7kQppbcb7CB\nViLK8YkaaKd0mReH3MK+gsLtHhb5BDA9Kq3Wgf6/calbS8LD8NRPLbaKun/dc48S\nvx1RoKUCgYEAzUA7Dt38Spsnx8iZ5xCfTTu+3ijAN0P7IwP5oCjUVtp+81JM1Hvu\nn0381yHkurriHw/N3ko2BgyR98w9MJFnqsKMiwRw+hMQxlyY6IZBaRSKEWYHDgaT\npk1C3AkwXW1DqjElae+x0G7cRMj5uE3FaEMYGg5MGKAKhdjkWe6O3Q8CgYEA+e/2\ni5vS0EimcIehvXy8/G6AmeMD0dhRWKnxTjXoHGj8RfE2HytydwlPZtwzHncjjYTW\nK85axFxyxYuQ/iyvsisdV0aM5FwSYhROSYONX+jOsQQyzWwgHwMZJ4g26XOrMPCD\nJHiMS3piCCIlvc0SR0XxTPh60bfRTZdpbTwwXmMCgYEAsZMshURRDksGM7a+UEb1\nS+Cw1Yv0INxT3ouF4KbybuJCi0lc50kBvhm+8nGEbnlZQP5vYi5aZwlhED5HgkmK\noxYGeg+xnun3zWY3dJUS6lK20S6wU9Ykz/BwM+ZPTcVGkWxLrkeOU4JWV7x5MJc4\nf2fs5j4QYA22jO6FQbk/KMkCgYEA11IPyL55o86y9QckJCaueZqJWAnnZIVDr2rY\n5FQ0nyUjEO55fejkOADhUvApafmhu23RRPQF5lzu05klVJQS2R+jq2iwQJvBipWL\nzHF0/keGqaHAUpDwK0d0CEalaAGqXgMWN/lShEPu6KricN2W/agX9gOra7k8q+fh\nf6X21ZkCgYEAu7JxmZmEAnWd5PA2Uc+HbD0kvlvHNb5Zjhq32QU2NTELqw+deMIr\nD5DtD/124THKu+wa5+KbE4UE7Zt7eRE9nCTHJ5PaL+io3CeKKb76xNh77zvrvlTP\nRnI6Cr6ZbolT8+Lu6Y49B8unSse1aVGj7sN6wz7j1Eu9wRV/4gzYphM=\n-----END RSA PRIVATE KEY-----\n",
            "content_base64": null,
            "content_base64sha256": "xneyUuBMzrjhPG6JVN+kRD+zK4QxLon11UTGnzGcnWM=",
            "content_base64sha512": "5I788at9k4dtgLGizQ3KiLLieJYwfm0ho51Sv1c3AhpWR8v1kqBN6rEL5A6Ir0n+mEUvbgu8wAQmd7GPRCPyww==",
            "content_md5": "4142c036caf1a301bc3cf4086e3ed654",
            "content_sha1": "d9dfaa8e3e4bba8edf9738e6a50453c974b84cd6",
            "content_sha256": "c677b252e04cceb8e13c6e8954dfa4443fb32b84312e89f5d544c69f319c9d63",
            "content_sha512": "e48efcf1ab7d93876d80b1a2cd0dca88b2e27896307e6d21a39d52bf5737021a5647cbf592a04deab10be40e88af49fe98452f6e0bbcc0042677b18f4423f2c3",
            "directory_permission": "0777",
            "file_permission": "0600",
            "filename": "/mnt/c/Users/cehusian/OneDrive - Microsoft/Documents/03-TechNotes/Github/imagecreation/.tmp/azureuser_id_rsa",
            "id": "d9dfaa8e3e4bba8edf9738e6a50453c974b84cd6",
            "sensitive_content": null,
            "source": null
          },
          "sensitive_attributes": [
            [
              {
                "type": "get_attr",
                "value": "content"
              }
            ]
          ],
          "dependencies": [
            "tls_private_key.internal"
          ]
        }
      ]
    },
    {
      "mode": "managed",
      "type": "local_file",
      "name": "public_key",
      "provider": "provider[\"registry.terraform.io/hashicorp/local\"]",
      "instances": [
        {
          "schema_version": 0,
          "attributes": {
            "content": "ssh-rsa AAAAB3NzaC1yc2EAAAADAQABAAABAQDIY94UQFrm7mpReeskhHfFkp5zlo4lG4vt52WaWX1wYNqj1hFd0RPfCV6qzZfMIA66ha6CTZT6mvH6hSqPjIdF0G3lhJWPi9YQcrowmNQ6Jtheg8Lv2Xhy/PVWqG1bnSo5G9HsUa9McpBKeNDffg+6Lf/xW1K4wiCxOhobAyIZKGeVUT63aYgt3ZQuasa4lDotrPfbtheU8IlALMLHgrIWZqTfQfyZz/SvFnCwWqjh3gfWWVxnzMuYWXfRH9wpAKRKD1AraIpQIYcP0BlOoYdPGP5JxIeigvo8GwfdakdZ+LxoO9sYGdJgK5bsp18JSONdjywPJFeti13X0VutOv7N\n",
            "content_base64": null,
            "content_base64sha256": "VFbkbGhLY6yz1OG+I2JOlzV9qrgSBVkLmg2LSmmT73I=",
            "content_base64sha512": "kzuU+m5ihtJLq/Y0bWr0jyI0Y0Xc6egFS7S8Ve7hR9XCymWM20+qF4ir4UeE4LALX4ieqwf7dexpvBaKSXHiYg==",
            "content_md5": "e3b746fa69a0e74b663a6d37a6b8b91e",
            "content_sha1": "10e6404f0b17ca8f63e0e2faf1853fccd24001ca",
            "content_sha256": "5456e46c684b63acb3d4e1be23624e97357daab81205590b9a0d8b4a6993ef72",
            "content_sha512": "933b94fa6e6286d24babf6346d6af48f22346345dce9e8054bb4bc55eee147d5c2ca658cdb4faa1788abe14784e0b00b5f889eab07fb75ec69bc168a4971e262",
            "directory_permission": "0777",
            "file_permission": "0644",
            "filename": "/mnt/c/Users/cehusian/OneDrive - Microsoft/Documents/03-TechNotes/Github/imagecreation/.tmp/azureuser_id_rsa.pub",
            "id": "10e6404f0b17ca8f63e0e2faf1853fccd24001ca",
            "sensitive_content": null,
            "source": null
          },
          "sensitive_attributes": [],
          "dependencies": [
            "tls_private_key.internal"
          ]
        }
      ]
    },
    {
      "mode": "managed",
      "type": "random_password",
      "name": "password",
      "provider": "provider[\"registry.terraform.io/hashicorp/random\"]",
      "instances": [
        {
          "schema_version": 2,
          "attributes": {
            "bcrypt_hash": "$2a$10$xeX3j/FWn9xx5BFgdzmduO.WTtAYH64o6iYbVR6/ZntPEQ7fNCaTW",
            "id": "none",
            "keepers": null,
            "length": 16,
            "lower": true,
            "min_lower": 1,
            "min_numeric": 1,
            "min_special": 0,
            "min_upper": 1,
            "number": true,
            "numeric": true,
            "override_special": "_%@",
            "result": "wAG%7N0avWiKk9kW",
            "special": true,
            "upper": true
          },
          "sensitive_attributes": [],
          "private": "eyJzY2hlbWFfdmVyc2lvbiI6IjIifQ=="
        }
      ]
    },
    {
      "mode": "managed",
      "type": "random_string",
      "name": "resource_postfix",
      "provider": "provider[\"registry.terraform.io/hashicorp/random\"]",
      "instances": [
        {
          "schema_version": 2,
          "attributes": {
            "id": "jhibkjxs",
            "keepers": null,
            "length": 8,
            "lower": true,
            "min_lower": 0,
            "min_numeric": 0,
            "min_special": 0,
            "min_upper": 0,
            "number": true,
            "numeric": true,
            "override_special": null,
            "result": "jhibkjxs",
            "special": false,
            "upper": false
          },
          "sensitive_attributes": [],
          "private": "eyJzY2hlbWFfdmVyc2lvbiI6IjIifQ=="
        }
      ]
    },
    {
      "mode": "managed",
      "type": "tls_private_key",
      "name": "internal",
      "provider": "provider[\"registry.terraform.io/hashicorp/tls\"]",
      "instances": [
        {
          "schema_version": 1,
          "attributes": {
            "algorithm": "RSA",
            "ecdsa_curve": "P224",
            "id": "584de06a60e77fdf6b569339cc91e16b90f3aae5",
            "private_key_openssh": "-----BEGIN OPENSSH PRIVATE KEY-----\nb3BlbnNzaC1rZXktdjEAAAAABG5vbmUAAAAEbm9uZQAAAAAAAAABAAABFwAAAAdz\nc2gtcnNhAAAAAwEAAQAAAQEAyGPeFEBa5u5qUXnrJIR3xZKec5aOJRuL7edlmll9\ncGDao9YRXdET3wleqs2XzCAOuoWugk2U+prx+oUqj4yHRdBt5YSVj4vWEHK6MJjU\nOibYXoPC79l4cvz1VqhtW50qORvR7FGvTHKQSnjQ334Pui3/8VtSuMIgsToaGwMi\nGShnlVE+t2mILd2ULmrGuJQ6Laz327YXlPCJQCzCx4KyFmak30H8mc/0rxZwsFqo\n4d4H1llcZ8zLmFl30R/cKQCkSg9QK2iKUCGHD9AZTqGHTxj+ScSHooL6PBsH3WpH\nWfi8aDvbGBnSYCuW7KdfCUjjXY8sDyRXrYtd19FbrTr+zQAAA7hoz5qOaM+ajgAA\nAAdzc2gtcnNhAAABAQDIY94UQFrm7mpReeskhHfFkp5zlo4lG4vt52WaWX1wYNqj\n1hFd0RPfCV6qzZfMIA66ha6CTZT6mvH6hSqPjIdF0G3lhJWPi9YQcrowmNQ6Jthe\ng8Lv2Xhy/PVWqG1bnSo5G9HsUa9McpBKeNDffg+6Lf/xW1K4wiCxOhobAyIZKGeV\nUT63aYgt3ZQuasa4lDotrPfbtheU8IlALMLHgrIWZqTfQfyZz/SvFnCwWqjh3gfW\nWVxnzMuYWXfRH9wpAKRKD1AraIpQIYcP0BlOoYdPGP5JxIeigvo8GwfdakdZ+Lxo\nO9sYGdJgK5bsp18JSONdjywPJFeti13X0VutOv7NAAAAAwEAAQAAAQALvQXiS87H\nXknuEeU7U2MsuKT9gmE7PTzaJ8bk3r8hWRsVo9GKnFe8pfDcsoRk2a/jLzeEvISw\nlWj9UtWmaQX3ifkWC8kzCm70sbPEav9rlKDyEGfX4vZSTg0VEXKufiteAwot/K73\nHHLlWeRqYxkKv+0RN1dGKWD+4Ldsw6c4r/GPWuYlEam7P+ESx9IJlBJLsJtfE//T\nA1EkMyT9Kje95Tp9ehhNEz+FBvwnQxClbVgTJkr3Bz3OhvkRaD5vV9DtUae5EKaW\n3G+wgVYiyvGJGmindJkXh9zCvoLC7R4W+QQwPSqt1oH+v3GpW0vCw/DUTy22irp/\n3XOPEr8dUaClAAAAgQC7snGZmYQCdZ3k8DZRz4dsPSS+W8c1vlmOGrfZBTY1MQur\nD514wisPkO0P/XbhMcq77Brn4psThQTtm3t5ET2cJMcnk9ov6KjcJ4opvvrE2Hvv\nO+u+VM9GcjoKvpluiVPz4u7pjj0Hy6dKx7VpUaPuw3rDPuPUS73BFX/iDNimEwAA\nAIEAzUA7Dt38Spsnx8iZ5xCfTTu+3ijAN0P7IwP5oCjUVtp+81JM1Hvun0381yHk\nurriHw/N3ko2BgyR98w9MJFnqsKMiwRw+hMQxlyY6IZBaRSKEWYHDgaTpk1C3Akw\nXW1DqjElae+x0G7cRMj5uE3FaEMYGg5MGKAKhdjkWe6O3Q8AAACBAPnv9oub0tBI\npnCHob18vPxugJnjA9HYUVip8U416Bxo/EXxNh8rcncJT2bcMx53I42E1ivOWsRc\ncsWLkP4sr7IrHVdGjORcEmIUTkmDjV/ozrEEMs1sIB8DGSeINulzqzDwgyR4jEt6\nYggiJb3NEkdF8Uz4etG30U2XaW08MF5jAAAAAAEC\n-----END OPENSSH PRIVATE KEY-----\n",
            "private_key_pem": "-----BEGIN RSA PRIVATE KEY-----\nMIIEpQIBAAKCAQEAyGPeFEBa5u5qUXnrJIR3xZKec5aOJRuL7edlmll9cGDao9YR\nXdET3wleqs2XzCAOuoWugk2U+prx+oUqj4yHRdBt5YSVj4vWEHK6MJjUOibYXoPC\n79l4cvz1VqhtW50qORvR7FGvTHKQSnjQ334Pui3/8VtSuMIgsToaGwMiGShnlVE+\nt2mILd2ULmrGuJQ6Laz327YXlPCJQCzCx4KyFmak30H8mc/0rxZwsFqo4d4H1llc\nZ8zLmFl30R/cKQCkSg9QK2iKUCGHD9AZTqGHTxj+ScSHooL6PBsH3WpHWfi8aDvb\nGBnSYCuW7KdfCUjjXY8sDyRXrYtd19FbrTr+zQIDAQABAoIBAAu9BeJLzsdeSe4R\n5TtTYyy4pP2CYTs9PNonxuTevyFZGxWj0YqcV7yl8NyyhGTZr+MvN4S8hLCVaP1S\n1aZpBfeJ+RYLyTMKbvSxs8Rq/2uUoPIQZ9fi9lJODRURcq5+K14DCi38rvcccuVZ\n5GpjGQq/7RE3V0YpYP7gt2zDpziv8Y9a5iURqbs/4RLH0gmUEkuwm18T/9MDUSQz\nJP0qN73lOn16GE0TP4UG/CdDEKVtWBMmSvcHPc6G+RFoPm9X0O1Rp7kQppbcb7CB\nViLK8YkaaKd0mReH3MK+gsLtHhb5BDA9Kq3Wgf6/calbS8LD8NRPLbaKun/dc48S\nvx1RoKUCgYEAzUA7Dt38Spsnx8iZ5xCfTTu+3ijAN0P7IwP5oCjUVtp+81JM1Hvu\nn0381yHkurriHw/N3ko2BgyR98w9MJFnqsKMiwRw+hMQxlyY6IZBaRSKEWYHDgaT\npk1C3AkwXW1DqjElae+x0G7cRMj5uE3FaEMYGg5MGKAKhdjkWe6O3Q8CgYEA+e/2\ni5vS0EimcIehvXy8/G6AmeMD0dhRWKnxTjXoHGj8RfE2HytydwlPZtwzHncjjYTW\nK85axFxyxYuQ/iyvsisdV0aM5FwSYhROSYONX+jOsQQyzWwgHwMZJ4g26XOrMPCD\nJHiMS3piCCIlvc0SR0XxTPh60bfRTZdpbTwwXmMCgYEAsZMshURRDksGM7a+UEb1\nS+Cw1Yv0INxT3ouF4KbybuJCi0lc50kBvhm+8nGEbnlZQP5vYi5aZwlhED5HgkmK\noxYGeg+xnun3zWY3dJUS6lK20S6wU9Ykz/BwM+ZPTcVGkWxLrkeOU4JWV7x5MJc4\nf2fs5j4QYA22jO6FQbk/KMkCgYEA11IPyL55o86y9QckJCaueZqJWAnnZIVDr2rY\n5FQ0nyUjEO55fejkOADhUvApafmhu23RRPQF5lzu05klVJQS2R+jq2iwQJvBipWL\nzHF0/keGqaHAUpDwK0d0CEalaAGqXgMWN/lShEPu6KricN2W/agX9gOra7k8q+fh\nf6X21ZkCgYEAu7JxmZmEAnWd5PA2Uc+HbD0kvlvHNb5Zjhq32QU2NTELqw+deMIr\nD5DtD/124THKu+wa5+KbE4UE7Zt7eRE9nCTHJ5PaL+io3CeKKb76xNh77zvrvlTP\nRnI6Cr6ZbolT8+Lu6Y49B8unSse1aVGj7sN6wz7j1Eu9wRV/4gzYphM=\n-----END RSA PRIVATE KEY-----\n",
            "private_key_pem_pkcs8": "-----BEGIN PRIVATE KEY-----\nMIIEvwIBADANBgkqhkiG9w0BAQEFAASCBKkwggSlAgEAAoIBAQDIY94UQFrm7mpR\neeskhHfFkp5zlo4lG4vt52WaWX1wYNqj1hFd0RPfCV6qzZfMIA66ha6CTZT6mvH6\nhSqPjIdF0G3lhJWPi9YQcrowmNQ6Jtheg8Lv2Xhy/PVWqG1bnSo5G9HsUa9McpBK\neNDffg+6Lf/xW1K4wiCxOhobAyIZKGeVUT63aYgt3ZQuasa4lDotrPfbtheU8IlA\nLMLHgrIWZqTfQfyZz/SvFnCwWqjh3gfWWVxnzMuYWXfRH9wpAKRKD1AraIpQIYcP\n0BlOoYdPGP5JxIeigvo8GwfdakdZ+LxoO9sYGdJgK5bsp18JSONdjywPJFeti13X\n0VutOv7NAgMBAAECggEAC70F4kvOx15J7hHlO1NjLLik/YJhOz082ifG5N6/IVkb\nFaPRipxXvKXw3LKEZNmv4y83hLyEsJVo/VLVpmkF94n5FgvJMwpu9LGzxGr/a5Sg\n8hBn1+L2Uk4NFRFyrn4rXgMKLfyu9xxy5VnkamMZCr/tETdXRilg/uC3bMOnOK/x\nj1rmJRGpuz/hEsfSCZQSS7CbXxP/0wNRJDMk/So3veU6fXoYTRM/hQb8J0MQpW1Y\nEyZK9wc9zob5EWg+b1fQ7VGnuRCmltxvsIFWIsrxiRpop3SZF4fcwr6Cwu0eFvkE\nMD0qrdaB/r9xqVtLwsPw1E8ttoq6f91zjxK/HVGgpQKBgQDNQDsO3fxKmyfHyJnn\nEJ9NO77eKMA3Q/sjA/mgKNRW2n7zUkzUe+6fTfzXIeS6uuIfD83eSjYGDJH3zD0w\nkWeqwoyLBHD6ExDGXJjohkFpFIoRZgcOBpOmTULcCTBdbUOqMSVp77HQbtxEyPm4\nTcVoQxgaDkwYoAqF2ORZ7o7dDwKBgQD57/aLm9LQSKZwh6G9fLz8boCZ4wPR2FFY\nqfFONegcaPxF8TYfK3J3CU9m3DMedyONhNYrzlrEXHLFi5D+LK+yKx1XRozkXBJi\nFE5Jg41f6M6xBDLNbCAfAxkniDbpc6sw8IMkeIxLemIIIiW9zRJHRfFM+HrRt9FN\nl2ltPDBeYwKBgQCxkyyFRFEOSwYztr5QRvVL4LDVi/Qg3FPei4XgpvJu4kKLSVzn\nSQG+Gb7ycYRueVlA/m9iLlpnCWEQPkeCSYqjFgZ6D7Ge6ffNZjd0lRLqUrbRLrBT\n1iTP8HAz5k9NxUaRbEuuR45TglZXvHkwlzh/Z+zmPhBgDbaM7oVBuT8oyQKBgQDX\nUg/IvnmjzrL1ByQkJq55molYCedkhUOvatjkVDSfJSMQ7nl96OQ4AOFS8Clp+aG7\nbdFE9AXmXO7TmSVUlBLZH6OraLBAm8GKlYvMcXT+R4apocBSkPArR3QIRqVoAape\nAxY3+VKEQ+7oquJw3Zb9qBf2A6truTyr5+F/pfbVmQKBgQC7snGZmYQCdZ3k8DZR\nz4dsPSS+W8c1vlmOGrfZBTY1MQurD514wisPkO0P/XbhMcq77Brn4psThQTtm3t5\nET2cJMcnk9ov6KjcJ4opvvrE2HvvO+u+VM9GcjoKvpluiVPz4u7pjj0Hy6dKx7Vp\nUaPuw3rDPuPUS73BFX/iDNimEw==\n-----END PRIVATE KEY-----\n",
            "public_key_fingerprint_md5": "5b:64:7a:61:33:a8:99:d5:e2:d3:8f:93:52:f5:29:8c",
            "public_key_fingerprint_sha256": "SHA256:VAMvqAuxiHloMjWbpZFJnDxelqMJibv/b7YiS4rJfE4",
            "public_key_openssh": "ssh-rsa AAAAB3NzaC1yc2EAAAADAQABAAABAQDIY94UQFrm7mpReeskhHfFkp5zlo4lG4vt52WaWX1wYNqj1hFd0RPfCV6qzZfMIA66ha6CTZT6mvH6hSqPjIdF0G3lhJWPi9YQcrowmNQ6Jtheg8Lv2Xhy/PVWqG1bnSo5G9HsUa9McpBKeNDffg+6Lf/xW1K4wiCxOhobAyIZKGeVUT63aYgt3ZQuasa4lDotrPfbtheU8IlALMLHgrIWZqTfQfyZz/SvFnCwWqjh3gfWWVxnzMuYWXfRH9wpAKRKD1AraIpQIYcP0BlOoYdPGP5JxIeigvo8GwfdakdZ+LxoO9sYGdJgK5bsp18JSONdjywPJFeti13X0VutOv7N\n",
            "public_key_pem": "-----BEGIN PUBLIC KEY-----\nMIIBIjANBgkqhkiG9w0BAQEFAAOCAQ8AMIIBCgKCAQEAyGPeFEBa5u5qUXnrJIR3\nxZKec5aOJRuL7edlmll9cGDao9YRXdET3wleqs2XzCAOuoWugk2U+prx+oUqj4yH\nRdBt5YSVj4vWEHK6MJjUOibYXoPC79l4cvz1VqhtW50qORvR7FGvTHKQSnjQ334P\nui3/8VtSuMIgsToaGwMiGShnlVE+t2mILd2ULmrGuJQ6Laz327YXlPCJQCzCx4Ky\nFmak30H8mc/0rxZwsFqo4d4H1llcZ8zLmFl30R/cKQCkSg9QK2iKUCGHD9AZTqGH\nTxj+ScSHooL6PBsH3WpHWfi8aDvbGBnSYCuW7KdfCUjjXY8sDyRXrYtd19FbrTr+\nzQIDAQAB\n-----END PUBLIC KEY-----\n",
            "rsa_bits": 2048
          },
          "sensitive_attributes": []
        }
      ]
    }
  ],
  "check_results": null
}
